
Microsoft Visual Studio Solution File, Format Version 12.00
# Visual Studio Version 16
VisualStudioVersion = 16.0.28803.452
MinimumVisualStudioVersion = 10.0.40219.1
Project("{FAE04EC0-301F-11D3-BF4B-00C04F79EFBC}") = "CloneHeroSaveGameEditor", "CloneHeroSaveGameEditor\CloneHeroSaveGameEditor.csproj", "{04344489-67E4-4340-A2A8-6E0261DAF0E1}"
EndProject
Global
	GlobalSection(SolutionConfigurationPlatforms) = preSolution
		Debug|Any CPU = Debug|Any CPU
		Release|Any CPU = Release|Any CPU
	EndGlobalSection
	GlobalSection(ProjectConfigurationPlatforms) = postSolution
		{04344489-67E4-4340-A2A8-6E0261DAF0E1}.Debug|Any CPU.ActiveCfg = Debug|Any CPU
		{04344489-67E4-4340-A2A8-6E0261DAF0E1}.Debug|Any CPU.Build.0 = Debug|Any CPU
		{04344489-67E4-4340-A2A8-6E0261DAF0E1}.Release|Any CPU.ActiveCfg = Release|Any CPU
		{04344489-67E4-4340-A2A8-6E0261DAF0E1}.Release|Any CPU.Build.0 = Release|Any CPU
	EndGlobalSection
	GlobalSection(SolutionProperties) = preSolution
		HideSolutionNode = FALSE
	EndGlobalSection
	GlobalSection(ExtensibilityGlobals) = postSolution
		SolutionGuid = {5F05CEAD-AD52-492E-B352-235870D2F943}
	EndGlobalSection
EndGlobal
